// !$*UTF8*$!
{
	archiveVersion = 1;
	classes = {
	};
	objectVersion = 56;
	objects = {

/* Begin PBXBuildFile section */
		4D13AFA62B2F584D007484AE /* AppDelegate.swift in Sources */ = {isa = PBXBuildFile; fileRef = 4D13AFA52B2F584D007484AE /* AppDelegate.swift */; };
		4D13AFA82B2F584D007484AE /* SceneDelegate.swift in Sources */ = {isa = PBXBuildFile; fileRef = 4D13AFA72B2F584D007484AE /* SceneDelegate.swift */; };
		4D13AFB02B2F584D007484AE /* WeightTracker.xcdatamodeld in Sources */ = {isa = PBXBuildFile; fileRef = 4D13AFAE2B2F584D007484AE /* WeightTracker.xcdatamodeld */; };
		4D13AFB22B2F584F007484AE /* Assets.xcassets in Resources */ = {isa = PBXBuildFile; fileRef = 4D13AFB12B2F584F007484AE /* Assets.xcassets */; };
		4D13AFB52B2F584F007484AE /* LaunchScreen.storyboard in Resources */ = {isa = PBXBuildFile; fileRef = 4D13AFB32B2F584F007484AE /* LaunchScreen.storyboard */; };
		4D13AFC02B2F584F007484AE /* WeightTrackerTests.swift in Sources */ = {isa = PBXBuildFile; fileRef = 4D13AFBF2B2F584F007484AE /* WeightTrackerTests.swift */; };
		4D13AFCA2B2F584F007484AE /* WeightTrackerUITests.swift in Sources */ = {isa = PBXBuildFile; fileRef = 4D13AFC92B2F584F007484AE /* WeightTrackerUITests.swift */; };
		4D13AFCC2B2F584F007484AE /* WeightTrackerUITestsLaunchTests.swift in Sources */ = {isa = PBXBuildFile; fileRef = 4D13AFCB2B2F584F007484AE /* WeightTrackerUITestsLaunchTests.swift */; };
		4D13AFDD2B2F5B70007484AE /* WeightMonitorViewController.swift in Sources */ = {isa = PBXBuildFile; fileRef = 4D13AFDC2B2F5B70007484AE /* WeightMonitorViewController.swift */; };
		4D13AFE02B2F603B007484AE /* UIColor+appColors.swift in Sources */ = {isa = PBXBuildFile; fileRef = 4D13AFDF2B2F603B007484AE /* UIColor+appColors.swift */; };
		4D13AFE42B30062D007484AE /* WeightRecord.swift in Sources */ = {isa = PBXBuildFile; fileRef = 4D13AFE32B30062D007484AE /* WeightRecord.swift */; };
		4D13AFE72B300989007484AE /* WeightMonitorViewModel.swift in Sources */ = {isa = PBXBuildFile; fileRef = 4D13AFE62B300989007484AE /* WeightMonitorViewModel.swift */; };
		4D13AFE92B300B37007484AE /* WeightMonitortViewControllerCell.swift in Sources */ = {isa = PBXBuildFile; fileRef = 4D13AFE82B300B37007484AE /* WeightMonitortViewControllerCell.swift */; };
		4D13AFEB2B304211007484AE /* Date+FormatDate.swift in Sources */ = {isa = PBXBuildFile; fileRef = 4D13AFEA2B304211007484AE /* Date+FormatDate.swift */; };
		4D13AFF12B30A8FA007484AE /* WeightsStore.swift in Sources */ = {isa = PBXBuildFile; fileRef = 4D13AFF02B30A8FA007484AE /* WeightsStore.swift */; };
		4D13AFF32B30B18C007484AE /* Context+SafeSave.swift in Sources */ = {isa = PBXBuildFile; fileRef = 4D13AFF22B30B18C007484AE /* Context+SafeSave.swift */; };
		4D13AFF62B3153DD007484AE /* EditWeightRecordViewController.swift in Sources */ = {isa = PBXBuildFile; fileRef = 4D13AFF52B3153DD007484AE /* EditWeightRecordViewController.swift */; };
		4D13AFF82B31B537007484AE /* WeightInputCollectionCell.swift in Sources */ = {isa = PBXBuildFile; fileRef = 4D13AFF72B31B537007484AE /* WeightInputCollectionCell.swift */; };
		4D13AFFA2B31EC6F007484AE /* DateHeaderCollectionCell.swift in Sources */ = {isa = PBXBuildFile; fileRef = 4D13AFF92B31EC6F007484AE /* DateHeaderCollectionCell.swift */; };
		4D13AFFC2B31EFA3007484AE /* DatePickerCollectionCell.swift in Sources */ = {isa = PBXBuildFile; fileRef = 4D13AFFB2B31EFA3007484AE /* DatePickerCollectionCell.swift */; };
		4D3F8E592C91816F00EDB692 /* crowdin.yml in Resources */ = {isa = PBXBuildFile; fileRef = 4D3F8E582C91816F00EDB692 /* crowdin.yml */; };
		4DDF163A2B32BEFF00EAA86C /* EditWeightRecordViewModel.swift in Sources */ = {isa = PBXBuildFile; fileRef = 4DDF16392B32BEFF00EAA86C /* EditWeightRecordViewModel.swift */; };
		4DDF163D2B334C3E00EAA86C /* Decimal+FormatWeight.swift in Sources */ = {isa = PBXBuildFile; fileRef = 4DDF163C2B334C3E00EAA86C /* Decimal+FormatWeight.swift */; };
		4DDF16422B3414D300EAA86C /* AlertPresenter.swift in Sources */ = {isa = PBXBuildFile; fileRef = 4DDF16412B3414D300EAA86C /* AlertPresenter.swift */; };
		4DDF16452B35A99C00EAA86C /* MassUnitsService.swift in Sources */ = {isa = PBXBuildFile; fileRef = 4DDF16442B35A99C00EAA86C /* MassUnitsService.swift */; };
		4DDF16482B35ECB100EAA86C /* Toast in Frameworks */ = {isa = PBXBuildFile; productRef = 4DDF16472B35ECB100EAA86C /* Toast */; };
		4DDF164C2B35F4D100EAA86C /* ToastPresenter.swift in Sources */ = {isa = PBXBuildFile; fileRef = 4DDF164B2B35F4D100EAA86C /* ToastPresenter.swift */; };
/* End PBXBuildFile section */

/* Begin PBXContainerItemProxy section */
		4D13AFBC2B2F584F007484AE /* PBXContainerItemProxy */ = {
			isa = PBXContainerItemProxy;
			containerPortal = 4D13AF9A2B2F584D007484AE /* Project object */;
			proxyType = 1;
			remoteGlobalIDString = 4D13AFA12B2F584D007484AE;
			remoteInfo = WeightTracker;
		};
		4D13AFC62B2F584F007484AE /* PBXContainerItemProxy */ = {
			isa = PBXContainerItemProxy;
			containerPortal = 4D13AF9A2B2F584D007484AE /* Project object */;
			proxyType = 1;
			remoteGlobalIDString = 4D13AFA12B2F584D007484AE;
			remoteInfo = WeightTracker;
		};
/* End PBXContainerItemProxy section */

/* Begin PBXFileReference section */
		4D13AFA22B2F584D007484AE /* WeightTracker.app */ = {isa = PBXFileReference; explicitFileType = wrapper.application; includeInIndex = 0; path = WeightTracker.app; sourceTree = BUILT_PRODUCTS_DIR; };
		4D13AFA52B2F584D007484AE /* AppDelegate.swift */ = {isa = PBXFileReference; lastKnownFileType = sourcecode.swift; path = AppDelegate.swift; sourceTree = "<group>"; };
		4D13AFA72B2F584D007484AE /* SceneDelegate.swift */ = {isa = PBXFileReference; lastKnownFileType = sourcecode.swift; path = SceneDelegate.swift; sourceTree = "<group>"; };
		4D13AFAF2B2F584D007484AE /* WeightTracker.xcdatamodel */ = {isa = PBXFileReference; lastKnownFileType = wrapper.xcdatamodel; path = WeightTracker.xcdatamodel; sourceTree = "<group>"; };
		4D13AFB12B2F584F007484AE /* Assets.xcassets */ = {isa = PBXFileReference; lastKnownFileType = folder.assetcatalog; path = Assets.xcassets; sourceTree = "<group>"; };
		4D13AFB42B2F584F007484AE /* Base */ = {isa = PBXFileReference; lastKnownFileType = file.storyboard; name = Base; path = Base.lproj/LaunchScreen.storyboard; sourceTree = "<group>"; };
		4D13AFB62B2F584F007484AE /* Info.plist */ = {isa = PBXFileReference; lastKnownFileType = text.plist.xml; path = Info.plist; sourceTree = "<group>"; };
		4D13AFBB2B2F584F007484AE /* WeightTrackerTests.xctest */ = {isa = PBXFileReference; explicitFileType = wrapper.cfbundle; includeInIndex = 0; path = WeightTrackerTests.xctest; sourceTree = BUILT_PRODUCTS_DIR; };
		4D13AFBF2B2F584F007484AE /* WeightTrackerTests.swift */ = {isa = PBXFileReference; lastKnownFileType = sourcecode.swift; path = WeightTrackerTests.swift; sourceTree = "<group>"; };
		4D13AFC52B2F584F007484AE /* WeightTrackerUITests.xctest */ = {isa = PBXFileReference; explicitFileType = wrapper.cfbundle; includeInIndex = 0; path = WeightTrackerUITests.xctest; sourceTree = BUILT_PRODUCTS_DIR; };
		4D13AFC92B2F584F007484AE /* WeightTrackerUITests.swift */ = {isa = PBXFileReference; lastKnownFileType = sourcecode.swift; path = WeightTrackerUITests.swift; sourceTree = "<group>"; };
		4D13AFCB2B2F584F007484AE /* WeightTrackerUITestsLaunchTests.swift */ = {isa = PBXFileReference; lastKnownFileType = sourcecode.swift; path = WeightTrackerUITestsLaunchTests.swift; sourceTree = "<group>"; };
		4D13AFDC2B2F5B70007484AE /* WeightMonitorViewController.swift */ = {isa = PBXFileReference; lastKnownFileType = sourcecode.swift; path = WeightMonitorViewController.swift; sourceTree = "<group>"; };
		4D13AFDF2B2F603B007484AE /* UIColor+appColors.swift */ = {isa = PBXFileReference; lastKnownFileType = sourcecode.swift; path = "UIColor+appColors.swift"; sourceTree = "<group>"; };
		4D13AFE32B30062D007484AE /* WeightRecord.swift */ = {isa = PBXFileReference; lastKnownFileType = sourcecode.swift; path = WeightRecord.swift; sourceTree = "<group>"; };
		4D13AFE62B300989007484AE /* WeightMonitorViewModel.swift */ = {isa = PBXFileReference; lastKnownFileType = sourcecode.swift; path = WeightMonitorViewModel.swift; sourceTree = "<group>"; };
		4D13AFE82B300B37007484AE /* WeightMonitortViewControllerCell.swift */ = {isa = PBXFileReference; lastKnownFileType = sourcecode.swift; path = WeightMonitortViewControllerCell.swift; sourceTree = "<group>"; };
		4D13AFEA2B304211007484AE /* Date+FormatDate.swift */ = {isa = PBXFileReference; lastKnownFileType = sourcecode.swift; path = "Date+FormatDate.swift"; sourceTree = "<group>"; };
		4D13AFF02B30A8FA007484AE /* WeightsStore.swift */ = {isa = PBXFileReference; lastKnownFileType = sourcecode.swift; path = WeightsStore.swift; sourceTree = "<group>"; };
		4D13AFF22B30B18C007484AE /* Context+SafeSave.swift */ = {isa = PBXFileReference; lastKnownFileType = sourcecode.swift; path = "Context+SafeSave.swift"; sourceTree = "<group>"; };
		4D13AFF52B3153DD007484AE /* EditWeightRecordViewController.swift */ = {isa = PBXFileReference; lastKnownFileType = sourcecode.swift; path = EditWeightRecordViewController.swift; sourceTree = "<group>"; };
		4D13AFF72B31B537007484AE /* WeightInputCollectionCell.swift */ = {isa = PBXFileReference; lastKnownFileType = sourcecode.swift; path = WeightInputCollectionCell.swift; sourceTree = "<group>"; };
		4D13AFF92B31EC6F007484AE /* DateHeaderCollectionCell.swift */ = {isa = PBXFileReference; lastKnownFileType = sourcecode.swift; path = DateHeaderCollectionCell.swift; sourceTree = "<group>"; };
		4D13AFFB2B31EFA3007484AE /* DatePickerCollectionCell.swift */ = {isa = PBXFileReference; lastKnownFileType = sourcecode.swift; path = DatePickerCollectionCell.swift; sourceTree = "<group>"; };
		4D3F8E582C91816F00EDB692 /* crowdin.yml */ = {isa = PBXFileReference; fileEncoding = 4; lastKnownFileType = text.yaml; path = crowdin.yml; sourceTree = "<group>"; };
		4DDF16392B32BEFF00EAA86C /* EditWeightRecordViewModel.swift */ = {isa = PBXFileReference; lastKnownFileType = sourcecode.swift; path = EditWeightRecordViewModel.swift; sourceTree = "<group>"; };
		4DDF163C2B334C3E00EAA86C /* Decimal+FormatWeight.swift */ = {isa = PBXFileReference; lastKnownFileType = sourcecode.swift; path = "Decimal+FormatWeight.swift"; sourceTree = "<group>"; };
		4DDF16412B3414D300EAA86C /* AlertPresenter.swift */ = {isa = PBXFileReference; lastKnownFileType = sourcecode.swift; path = AlertPresenter.swift; sourceTree = "<group>"; };
		4DDF16432B35A5DE00EAA86C /* ru */ = {isa = PBXFileReference; lastKnownFileType = text.plist.strings; name = ru; path = ru.lproj/LaunchScreen.strings; sourceTree = "<group>"; };
		4DDF16442B35A99C00EAA86C /* MassUnitsService.swift */ = {isa = PBXFileReference; lastKnownFileType = sourcecode.swift; path = MassUnitsService.swift; sourceTree = "<group>"; };
		4DDF164B2B35F4D100EAA86C /* ToastPresenter.swift */ = {isa = PBXFileReference; lastKnownFileType = sourcecode.swift; path = ToastPresenter.swift; sourceTree = "<group>"; };
/* End PBXFileReference section */

/* Begin PBXFrameworksBuildPhase section */
		4D13AF9F2B2F584D007484AE /* Frameworks */ = {
			isa = PBXFrameworksBuildPhase;
			buildActionMask = 2147483647;
			files = (
				4DDF16482B35ECB100EAA86C /* Toast in Frameworks */,
			);
			runOnlyForDeploymentPostprocessing = 0;
		};
		4D13AFB82B2F584F007484AE /* Frameworks */ = {
			isa = PBXFrameworksBuildPhase;
			buildActionMask = 2147483647;
			files = (
			);
			runOnlyForDeploymentPostprocessing = 0;
		};
		4D13AFC22B2F584F007484AE /* Frameworks */ = {
			isa = PBXFrameworksBuildPhase;
			buildActionMask = 2147483647;
			files = (
			);
			runOnlyForDeploymentPostprocessing = 0;
		};
/* End PBXFrameworksBuildPhase section */

/* Begin PBXGroup section */
		4D13AF992B2F584D007484AE = {
			isa = PBXGroup;
			children = (
				4D3F8E582C91816F00EDB692 /* crowdin.yml */,
				4D13AFA42B2F584D007484AE /* WeightTracker */,
				4D13AFBE2B2F584F007484AE /* WeightTrackerTests */,
				4D13AFC82B2F584F007484AE /* WeightTrackerUITests */,
				4D13AFA32B2F584D007484AE /* Products */,
			);
			sourceTree = "<group>";
		};
		4D13AFA32B2F584D007484AE /* Products */ = {
			isa = PBXGroup;
			children = (
				4D13AFA22B2F584D007484AE /* WeightTracker.app */,
				4D13AFBB2B2F584F007484AE /* WeightTrackerTests.xctest */,
				4D13AFC52B2F584F007484AE /* WeightTrackerUITests.xctest */,
			);
			name = Products;
			sourceTree = "<group>";
		};
		4D13AFA42B2F584D007484AE /* WeightTracker */ = {
			isa = PBXGroup;
			children = (
				4DDF164A2B35F4BB00EAA86C /* Helpers */,
				4DDF16402B3414C100EAA86C /* Services */,
				4D13AFEE2B30A855007484AE /* CoreData */,
				4D13AFE52B300639007484AE /* Models */,
				4D13AFDE2B2F6010007484AE /* Extensions */,
				4D13AFD82B2F5A02007484AE /* Scenes */,
				4D13AFA52B2F584D007484AE /* AppDelegate.swift */,
				4D13AFA72B2F584D007484AE /* SceneDelegate.swift */,
				4D13AFB12B2F584F007484AE /* Assets.xcassets */,
				4D13AFB32B2F584F007484AE /* LaunchScreen.storyboard */,
				4D13AFB62B2F584F007484AE /* Info.plist */,
			);
			path = WeightTracker;
			sourceTree = "<group>";
		};
		4D13AFBE2B2F584F007484AE /* WeightTrackerTests */ = {
			isa = PBXGroup;
			children = (
				4D13AFBF2B2F584F007484AE /* WeightTrackerTests.swift */,
			);
			path = WeightTrackerTests;
			sourceTree = "<group>";
		};
		4D13AFC82B2F584F007484AE /* WeightTrackerUITests */ = {
			isa = PBXGroup;
			children = (
				4D13AFC92B2F584F007484AE /* WeightTrackerUITests.swift */,
				4D13AFCB2B2F584F007484AE /* WeightTrackerUITestsLaunchTests.swift */,
			);
			path = WeightTrackerUITests;
			sourceTree = "<group>";
		};
		4D13AFD82B2F5A02007484AE /* Scenes */ = {
			isa = PBXGroup;
			children = (
				4D13AFF42B30BEA2007484AE /* EditWeightRecord */,
				4D13AFDB2B2F5B07007484AE /* WeightMonitor */,
			);
			path = Scenes;
			sourceTree = "<group>";
		};
		4D13AFDB2B2F5B07007484AE /* WeightMonitor */ = {
			isa = PBXGroup;
			children = (
				4DDF16492B35F2ED00EAA86C /* TableViewCells */,
				4D13AFDC2B2F5B70007484AE /* WeightMonitorViewController.swift */,
				4D13AFE62B300989007484AE /* WeightMonitorViewModel.swift */,
			);
			path = WeightMonitor;
			sourceTree = "<group>";
		};
		4D13AFDE2B2F6010007484AE /* Extensions */ = {
			isa = PBXGroup;
			children = (
				4D13AFDF2B2F603B007484AE /* UIColor+appColors.swift */,
				4D13AFEA2B304211007484AE /* Date+FormatDate.swift */,
				4D13AFF22B30B18C007484AE /* Context+SafeSave.swift */,
				4DDF163C2B334C3E00EAA86C /* Decimal+FormatWeight.swift */,
			);
			path = Extensions;
			sourceTree = "<group>";
		};
		4D13AFE52B300639007484AE /* Models */ = {
			isa = PBXGroup;
			children = (
				4D13AFE32B30062D007484AE /* WeightRecord.swift */,
			);
			path = Models;
			sourceTree = "<group>";
		};
		4D13AFEE2B30A855007484AE /* CoreData */ = {
			isa = PBXGroup;
			children = (
				4D13AFEF2B30A8B6007484AE /* Store */,
				4D13AFAE2B2F584D007484AE /* WeightTracker.xcdatamodeld */,
			);
			path = CoreData;
			sourceTree = "<group>";
		};
		4D13AFEF2B30A8B6007484AE /* Store */ = {
			isa = PBXGroup;
			children = (
				4D13AFF02B30A8FA007484AE /* WeightsStore.swift */,
			);
			path = Store;
			sourceTree = "<group>";
		};
		4D13AFF42B30BEA2007484AE /* EditWeightRecord */ = {
			isa = PBXGroup;
			children = (
				4DDF163B2B3307F400EAA86C /* CollectionViewCells */,
				4D13AFF52B3153DD007484AE /* EditWeightRecordViewController.swift */,
				4DDF16392B32BEFF00EAA86C /* EditWeightRecordViewModel.swift */,
			);
			path = EditWeightRecord;
			sourceTree = "<group>";
		};
		4DDF163B2B3307F400EAA86C /* CollectionViewCells */ = {
			isa = PBXGroup;
			children = (
				4D13AFF92B31EC6F007484AE /* DateHeaderCollectionCell.swift */,
				4D13AFFB2B31EFA3007484AE /* DatePickerCollectionCell.swift */,
				4D13AFF72B31B537007484AE /* WeightInputCollectionCell.swift */,
			);
			path = CollectionViewCells;
			sourceTree = "<group>";
		};
		4DDF16402B3414C100EAA86C /* Services */ = {
			isa = PBXGroup;
			children = (
				4DDF16442B35A99C00EAA86C /* MassUnitsService.swift */,
			);
			path = Services;
			sourceTree = "<group>";
		};
		4DDF16492B35F2ED00EAA86C /* TableViewCells */ = {
			isa = PBXGroup;
			children = (
				4D13AFE82B300B37007484AE /* WeightMonitortViewControllerCell.swift */,
			);
			path = TableViewCells;
			sourceTree = "<group>";
		};
		4DDF164A2B35F4BB00EAA86C /* Helpers */ = {
			isa = PBXGroup;
			children = (
				4DDF16412B3414D300EAA86C /* AlertPresenter.swift */,
				4DDF164B2B35F4D100EAA86C /* ToastPresenter.swift */,
			);
			path = Helpers;
			sourceTree = "<group>";
		};
/* End PBXGroup section */

/* Begin PBXNativeTarget section */
		4D13AFA12B2F584D007484AE /* WeightTracker */ = {
			isa = PBXNativeTarget;
			buildConfigurationList = 4D13AFCF2B2F584F007484AE /* Build configuration list for PBXNativeTarget "WeightTracker" */;
			buildPhases = (
				4D13AF9E2B2F584D007484AE /* Sources */,
				4D13AF9F2B2F584D007484AE /* Frameworks */,
				4D13AFA02B2F584D007484AE /* Resources */,
			);
			buildRules = (
			);
			dependencies = (
			);
			name = WeightTracker;
			packageProductDependencies = (
				4DDF16472B35ECB100EAA86C /* Toast */,
			);
			productName = WeightTracker;
			productReference = 4D13AFA22B2F584D007484AE /* WeightTracker.app */;
			productType = "com.apple.product-type.application";
		};
		4D13AFBA2B2F584F007484AE /* WeightTrackerTests */ = {
			isa = PBXNativeTarget;
			buildConfigurationList = 4D13AFD22B2F584F007484AE /* Build configuration list for PBXNativeTarget "WeightTrackerTests" */;
			buildPhases = (
				4D13AFB72B2F584F007484AE /* Sources */,
				4D13AFB82B2F584F007484AE /* Frameworks */,
				4D13AFB92B2F584F007484AE /* Resources */,
			);
			buildRules = (
			);
			dependencies = (
				4D13AFBD2B2F584F007484AE /* PBXTargetDependency */,
			);
			name = WeightTrackerTests;
			productName = WeightTrackerTests;
			productReference = 4D13AFBB2B2F584F007484AE /* WeightTrackerTests.xctest */;
			productType = "com.apple.product-type.bundle.unit-test";
		};
		4D13AFC42B2F584F007484AE /* WeightTrackerUITests */ = {
			isa = PBXNativeTarget;
			buildConfigurationList = 4D13AFD52B2F584F007484AE /* Build configuration list for PBXNativeTarget "WeightTrackerUITests" */;
			buildPhases = (
				4D13AFC12B2F584F007484AE /* Sources */,
				4D13AFC22B2F584F007484AE /* Frameworks */,
				4D13AFC32B2F584F007484AE /* Resources */,
			);
			buildRules = (
			);
			dependencies = (
				4D13AFC72B2F584F007484AE /* PBXTargetDependency */,
			);
			name = WeightTrackerUITests;
			productName = WeightTrackerUITests;
			productReference = 4D13AFC52B2F584F007484AE /* WeightTrackerUITests.xctest */;
			productType = "com.apple.product-type.bundle.ui-testing";
		};
/* End PBXNativeTarget section */

/* Begin PBXProject section */
		4D13AF9A2B2F584D007484AE /* Project object */ = {
			isa = PBXProject;
			attributes = {
				BuildIndependentTargetsInParallel = 1;
				LastSwiftUpdateCheck = 1500;
				LastUpgradeCheck = 1500;
				TargetAttributes = {
					4D13AFA12B2F584D007484AE = {
						CreatedOnToolsVersion = 15.0.1;
					};
					4D13AFBA2B2F584F007484AE = {
						CreatedOnToolsVersion = 15.0.1;
						TestTargetID = 4D13AFA12B2F584D007484AE;
					};
					4D13AFC42B2F584F007484AE = {
						CreatedOnToolsVersion = 15.0.1;
						TestTargetID = 4D13AFA12B2F584D007484AE;
					};
				};
			};
			buildConfigurationList = 4D13AF9D2B2F584D007484AE /* Build configuration list for PBXProject "WeightTracker" */;
			compatibilityVersion = "Xcode 14.0";
			developmentRegion = ru;
			hasScannedForEncodings = 0;
			knownRegions = (
				en,
				Base,
				ru,
			);
			mainGroup = 4D13AF992B2F584D007484AE;
			packageReferences = (
				4DDF16462B35ECB100EAA86C /* XCRemoteSwiftPackageReference "toast-swift" */,
			);
			productRefGroup = 4D13AFA32B2F584D007484AE /* Products */;
			projectDirPath = "";
			projectRoot = "";
			targets = (
				4D13AFA12B2F584D007484AE /* WeightTracker */,
				4D13AFBA2B2F584F007484AE /* WeightTrackerTests */,
				4D13AFC42B2F584F007484AE /* WeightTrackerUITests */,
			);
		};
/* End PBXProject section */

/* Begin PBXResourcesBuildPhase section */
		4D13AFA02B2F584D007484AE /* Resources */ = {
			isa = PBXResourcesBuildPhase;
			buildActionMask = 2147483647;
			files = (
				4D13AFB52B2F584F007484AE /* LaunchScreen.storyboard in Resources */,
				4D13AFB22B2F584F007484AE /* Assets.xcassets in Resources */,
				4D3F8E592C91816F00EDB692 /* crowdin.yml in Resources */,
			);
			runOnlyForDeploymentPostprocessing = 0;
		};
		4D13AFB92B2F584F007484AE /* Resources */ = {
			isa = PBXResourcesBuildPhase;
			buildActionMask = 2147483647;
			files = (
			);
			runOnlyForDeploymentPostprocessing = 0;
		};
		4D13AFC32B2F584F007484AE /* Resources */ = {
			isa = PBXResourcesBuildPhase;
			buildActionMask = 2147483647;
			files = (
			);
			runOnlyForDeploymentPostprocessing = 0;
		};
/* End PBXResourcesBuildPhase section */

/* Begin PBXSourcesBuildPhase section */
		4D13AF9E2B2F584D007484AE /* Sources */ = {
			isa = PBXSourcesBuildPhase;
			buildActionMask = 2147483647;
			files = (
				4D13AFF12B30A8FA007484AE /* WeightsStore.swift in Sources */,
				4DDF16452B35A99C00EAA86C /* MassUnitsService.swift in Sources */,
				4D13AFA62B2F584D007484AE /* AppDelegate.swift in Sources */,
				4D13AFE02B2F603B007484AE /* UIColor+appColors.swift in Sources */,
				4DDF163A2B32BEFF00EAA86C /* EditWeightRecordViewModel.swift in Sources */,
				4D13AFF62B3153DD007484AE /* EditWeightRecordViewController.swift in Sources */,
				4D13AFE72B300989007484AE /* WeightMonitorViewModel.swift in Sources */,
				4D13AFB02B2F584D007484AE /* WeightTracker.xcdatamodeld in Sources */,
				4D13AFDD2B2F5B70007484AE /* WeightMonitorViewController.swift in Sources */,
				4D13AFA82B2F584D007484AE /* SceneDelegate.swift in Sources */,
				4D13AFF82B31B537007484AE /* WeightInputCollectionCell.swift in Sources */,
				4D13AFE92B300B37007484AE /* WeightMonitortViewControllerCell.swift in Sources */,
				4DDF163D2B334C3E00EAA86C /* Decimal+FormatWeight.swift in Sources */,
				4D13AFFA2B31EC6F007484AE /* DateHeaderCollectionCell.swift in Sources */,
				4D13AFEB2B304211007484AE /* Date+FormatDate.swift in Sources */,
				4DDF16422B3414D300EAA86C /* AlertPresenter.swift in Sources */,
				4D13AFFC2B31EFA3007484AE /* DatePickerCollectionCell.swift in Sources */,
				4D13AFE42B30062D007484AE /* WeightRecord.swift in Sources */,
				4D13AFF32B30B18C007484AE /* Context+SafeSave.swift in Sources */,
				4DDF164C2B35F4D100EAA86C /* ToastPresenter.swift in Sources */,
			);
			runOnlyForDeploymentPostprocessing = 0;
		};
		4D13AFB72B2F584F007484AE /* Sources */ = {
			isa = PBXSourcesBuildPhase;
			buildActionMask = 2147483647;
			files = (
				4D13AFC02B2F584F007484AE /* WeightTrackerTests.swift in Sources */,
			);
			runOnlyForDeploymentPostprocessing = 0;
		};
		4D13AFC12B2F584F007484AE /* Sources */ = {
			isa = PBXSourcesBuildPhase;
			buildActionMask = 2147483647;
			files = (
				4D13AFCA2B2F584F007484AE /* WeightTrackerUITests.swift in Sources */,
				4D13AFCC2B2F584F007484AE /* WeightTrackerUITestsLaunchTests.swift in Sources */,
			);
			runOnlyForDeploymentPostprocessing = 0;
		};
/* End PBXSourcesBuildPhase section */

/* Begin PBXTargetDependency section */
		4D13AFBD2B2F584F007484AE /* PBXTargetDependency */ = {
			isa = PBXTargetDependency;
			target = 4D13AFA12B2F584D007484AE /* WeightTracker */;
			targetProxy = 4D13AFBC2B2F584F007484AE /* PBXContainerItemProxy */;
		};
		4D13AFC72B2F584F007484AE /* PBXTargetDependency */ = {
			isa = PBXTargetDependency;
			target = 4D13AFA12B2F584D007484AE /* WeightTracker */;
			targetProxy = 4D13AFC62B2F584F007484AE /* PBXContainerItemProxy */;
		};
/* End PBXTargetDependency section */

/* Begin PBXVariantGroup section */
		4D13AFB32B2F584F007484AE /* LaunchScreen.storyboard */ = {
			isa = PBXVariantGroup;
			children = (
				4D13AFB42B2F584F007484AE /* Base */,
				4DDF16432B35A5DE00EAA86C /* ru */,
			);
			name = LaunchScreen.storyboard;
			sourceTree = "<group>";
		};
/* End PBXVariantGroup section */

/* Begin XCBuildConfiguration section */
		4D13AFCD2B2F584F007484AE /* Debug */ = {
			isa = XCBuildConfiguration;
			buildSettings = {
				ALWAYS_SEARCH_USER_PATHS = NO;
				ASSETCATALOG_COMPILER_GENERATE_SWIFT_ASSET_SYMBOL_EXTENSIONS = YES;
				CLANG_ANALYZER_LOCALIZABILITY_NONLOCALIZED = YES;
				CLANG_ANALYZER_NONNULL = YES;
				CLANG_ANALYZER_NUMBER_OBJECT_CONVERSION = YES_AGGRESSIVE;
				CLANG_CXX_LANGUAGE_STANDARD = "gnu++20";
				CLANG_ENABLE_MODULES = YES;
				CLANG_ENABLE_OBJC_ARC = YES;
				CLANG_ENABLE_OBJC_WEAK = YES;
				CLANG_WARN_BLOCK_CAPTURE_AUTORELEASING = YES;
				CLANG_WARN_BOOL_CONVERSION = YES;
				CLANG_WARN_COMMA = YES;
				CLANG_WARN_CONSTANT_CONVERSION = YES;
				CLANG_WARN_DEPRECATED_OBJC_IMPLEMENTATIONS = YES;
				CLANG_WARN_DIRECT_OBJC_ISA_USAGE = YES_ERROR;
				CLANG_WARN_DOCUMENTATION_COMMENTS = YES;
				CLANG_WARN_EMPTY_BODY = YES;
				CLANG_WARN_ENUM_CONVERSION = YES;
				CLANG_WARN_INFINITE_RECURSION = YES;
				CLANG_WARN_INT_CONVERSION = YES;
				CLANG_WARN_NON_LITERAL_NULL_CONVERSION = YES;
				CLANG_WARN_OBJC_IMPLICIT_RETAIN_SELF = YES;
				CLANG_WARN_OBJC_LITERAL_CONVERSION = YES;
				CLANG_WARN_OBJC_ROOT_CLASS = YES_ERROR;
				CLANG_WARN_QUOTED_INCLUDE_IN_FRAMEWORK_HEADER = YES;
				CLANG_WARN_RANGE_LOOP_ANALYSIS = YES;
				CLANG_WARN_STRICT_PROTOTYPES = YES;
				CLANG_WARN_SUSPICIOUS_MOVE = YES;
				CLANG_WARN_UNGUARDED_AVAILABILITY = YES_AGGRESSIVE;
				CLANG_WARN_UNREACHABLE_CODE = YES;
				CLANG_WARN__DUPLICATE_METHOD_MATCH = YES;
				COPY_PHASE_STRIP = NO;
				DEBUG_INFORMATION_FORMAT = dwarf;
				ENABLE_STRICT_OBJC_MSGSEND = YES;
				ENABLE_TESTABILITY = YES;
				ENABLE_USER_SCRIPT_SANDBOXING = YES;
				GCC_C_LANGUAGE_STANDARD = gnu17;
				GCC_DYNAMIC_NO_PIC = NO;
				GCC_NO_COMMON_BLOCKS = YES;
				GCC_OPTIMIZATION_LEVEL = 0;
				GCC_PREPROCESSOR_DEFINITIONS = (
					"DEBUG=1",
					"$(inherited)",
				);
				GCC_WARN_64_TO_32_BIT_CONVERSION = YES;
				GCC_WARN_ABOUT_RETURN_TYPE = YES_ERROR;
				GCC_WARN_UNDECLARED_SELECTOR = YES;
				GCC_WARN_UNINITIALIZED_AUTOS = YES_AGGRESSIVE;
				GCC_WARN_UNUSED_FUNCTION = YES;
				GCC_WARN_UNUSED_VARIABLE = YES;
				IPHONEOS_DEPLOYMENT_TARGET = 15.6;
				LOCALIZATION_PREFERS_STRING_CATALOGS = YES;
				MTL_ENABLE_DEBUG_INFO = INCLUDE_SOURCE;
				MTL_FAST_MATH = YES;
				ONLY_ACTIVE_ARCH = YES;
				SDKROOT = iphoneos;
				SWIFT_ACTIVE_COMPILATION_CONDITIONS = "DEBUG $(inherited)";
				SWIFT_OPTIMIZATION_LEVEL = "-Onone";
			};
			name = Debug;
		};
		4D13AFCE2B2F584F007484AE /* Release */ = {
			isa = XCBuildConfiguration;
			buildSettings = {
				ALWAYS_SEARCH_USER_PATHS = NO;
				ASSETCATALOG_COMPILER_GENERATE_SWIFT_ASSET_SYMBOL_EXTENSIONS = YES;
				CLANG_ANALYZER_LOCALIZABILITY_NONLOCALIZED = YES;
				CLANG_ANALYZER_NONNULL = YES;
				CLANG_ANALYZER_NUMBER_OBJECT_CONVERSION = YES_AGGRESSIVE;
				CLANG_CXX_LANGUAGE_STANDARD = "gnu++20";
				CLANG_ENABLE_MODULES = YES;
				CLANG_ENABLE_OBJC_ARC = YES;
				CLANG_ENABLE_OBJC_WEAK = YES;
				CLANG_WARN_BLOCK_CAPTURE_AUTORELEASING = YES;
				CLANG_WARN_BOOL_CONVERSION = YES;
				CLANG_WARN_COMMA = YES;
				CLANG_WARN_CONSTANT_CONVERSION = YES;
				CLANG_WARN_DEPRECATED_OBJC_IMPLEMENTATIONS = YES;
				CLANG_WARN_DIRECT_OBJC_ISA_USAGE = YES_ERROR;
				CLANG_WARN_DOCUMENTATION_COMMENTS = YES;
				CLANG_WARN_EMPTY_BODY = YES;
				CLANG_WARN_ENUM_CONVERSION = YES;
				CLANG_WARN_INFINITE_RECURSION = YES;
				CLANG_WARN_INT_CONVERSION = YES;
				CLANG_WARN_NON_LITERAL_NULL_CONVERSION = YES;
				CLANG_WARN_OBJC_IMPLICIT_RETAIN_SELF = YES;
				CLANG_WARN_OBJC_LITERAL_CONVERSION = YES;
				CLANG_WARN_OBJC_ROOT_CLASS = YES_ERROR;
				CLANG_WARN_QUOTED_INCLUDE_IN_FRAMEWORK_HEADER = YES;
				CLANG_WARN_RANGE_LOOP_ANALYSIS = YES;
				CLANG_WARN_STRICT_PROTOTYPES = YES;
				CLANG_WARN_SUSPICIOUS_MOVE = YES;
				CLANG_WARN_UNGUARDED_AVAILABILITY = YES_AGGRESSIVE;
				CLANG_WARN_UNREACHABLE_CODE = YES;
				CLANG_WARN__DUPLICATE_METHOD_MATCH = YES;
				COPY_PHASE_STRIP = NO;
				DEBUG_INFORMATION_FORMAT = "dwarf-with-dsym";
				ENABLE_NS_ASSERTIONS = NO;
				ENABLE_STRICT_OBJC_MSGSEND = YES;
				ENABLE_USER_SCRIPT_SANDBOXING = YES;
				GCC_C_LANGUAGE_STANDARD = gnu17;
				GCC_NO_COMMON_BLOCKS = YES;
				GCC_WARN_64_TO_32_BIT_CONVERSION = YES;
				GCC_WARN_ABOUT_RETURN_TYPE = YES_ERROR;
				GCC_WARN_UNDECLARED_SELECTOR = YES;
				GCC_WARN_UNINITIALIZED_AUTOS = YES_AGGRESSIVE;
				GCC_WARN_UNUSED_FUNCTION = YES;
				GCC_WARN_UNUSED_VARIABLE = YES;
				IPHONEOS_DEPLOYMENT_TARGET = 15.6;
				LOCALIZATION_PREFERS_STRING_CATALOGS = YES;
				MTL_ENABLE_DEBUG_INFO = NO;
				MTL_FAST_MATH = YES;
				SDKROOT = iphoneos;
				SWIFT_COMPILATION_MODE = wholemodule;
				VALIDATE_PRODUCT = YES;
			};
			name = Release;
		};
		4D13AFD02B2F584F007484AE /* Debug */ = {
			isa = XCBuildConfiguration;
			buildSettings = {
				ASSETCATALOG_COMPILER_APPICON_NAME = AppIcon;
				ASSETCATALOG_COMPILER_GLOBAL_ACCENT_COLOR_NAME = AccentColor;
				CODE_SIGN_STYLE = Automatic;
				CURRENT_PROJECT_VERSION = 1;
				DEVELOPMENT_TEAM = 5MJ8XFZB7W;
				GENERATE_INFOPLIST_FILE = YES;
				INFOPLIST_FILE = WeightTracker/Info.plist;
				INFOPLIST_KEY_UIApplicationSupportsIndirectInputEvents = YES;
				INFOPLIST_KEY_UILaunchStoryboardName = LaunchScreen;
				INFOPLIST_KEY_UISupportedInterfaceOrientations_iPad = "UIInterfaceOrientationPortrait UIInterfaceOrientationPortraitUpsideDown UIInterfaceOrientationLandscapeLeft UIInterfaceOrientationLandscapeRight";
				INFOPLIST_KEY_UISupportedInterfaceOrientations_iPhone = "UIInterfaceOrientationPortrait UIInterfaceOrientationLandscapeLeft UIInterfaceOrientationLandscapeRight";
				IPHONEOS_DEPLOYMENT_TARGET = 15.6;
				LD_RUNPATH_SEARCH_PATHS = (
					"$(inherited)",
					"@executable_path/Frameworks",
				);
				MARKETING_VERSION = 1.0;
				PRODUCT_BUNDLE_IDENTIFIER = com.github.davletova.WeightTracker;
				PRODUCT_NAME = "$(TARGET_NAME)";
				SWIFT_EMIT_LOC_STRINGS = YES;
				SWIFT_VERSION = 5.0;
				TARGETED_DEVICE_FAMILY = "1,2";
			};
			name = Debug;
		};
		4D13AFD12B2F584F007484AE /* Release */ = {
			isa = XCBuildConfiguration;
			buildSettings = {
				ASSETCATALOG_COMPILER_APPICON_NAME = AppIcon;
				ASSETCATALOG_COMPILER_GLOBAL_ACCENT_COLOR_NAME = AccentColor;
				CODE_SIGN_STYLE = Automatic;
				CURRENT_PROJECT_VERSION = 1;
				DEVELOPMENT_TEAM = 5MJ8XFZB7W;
				GENERATE_INFOPLIST_FILE = YES;
				INFOPLIST_FILE = WeightTracker/Info.plist;
				INFOPLIST_KEY_UIApplicationSupportsIndirectInputEvents = YES;
				INFOPLIST_KEY_UILaunchStoryboardName = LaunchScreen;
				INFOPLIST_KEY_UISupportedInterfaceOrientations_iPad = "UIInterfaceOrientationPortrait UIInterfaceOrientationPortraitUpsideDown UIInterfaceOrientationLandscapeLeft UIInterfaceOrientationLandscapeRight";
				INFOPLIST_KEY_UISupportedInterfaceOrientations_iPhone = "UIInterfaceOrientationPortrait UIInterfaceOrientationLandscapeLeft UIInterfaceOrientationLandscapeRight";
				IPHONEOS_DEPLOYMENT_TARGET = 15.6;
				LD_RUNPATH_SEARCH_PATHS = (
					"$(inherited)",
					"@executable_path/Frameworks",
				);
				MARKETING_VERSION = 1.0;
				PRODUCT_BUNDLE_IDENTIFIER = com.github.davletova.WeightTracker;
				PRODUCT_NAME = "$(TARGET_NAME)";
				SWIFT_EMIT_LOC_STRINGS = YES;
				SWIFT_VERSION = 5.0;
				TARGETED_DEVICE_FAMILY = "1,2";
			};
			name = Release;
		};
		4D13AFD32B2F584F007484AE /* Debug */ = {
			isa = XCBuildConfiguration;
			buildSettings = {
				ALWAYS_EMBED_SWIFT_STANDARD_LIBRARIES = YES;
				BUNDLE_LOADER = "$(TEST_HOST)";
				CODE_SIGN_STYLE = Automatic;
				CURRENT_PROJECT_VERSION = 1;
				DEVELOPMENT_TEAM = 5MJ8XFZB7W;
				GENERATE_INFOPLIST_FILE = YES;
				IPHONEOS_DEPLOYMENT_TARGET = 17.0;
				MARKETING_VERSION = 1.0;
				PRODUCT_BUNDLE_IDENTIFIER = com.github.davletova.WeightTrackerTests;
				PRODUCT_NAME = "$(TARGET_NAME)";
				SWIFT_EMIT_LOC_STRINGS = NO;
				SWIFT_VERSION = 5.0;
				TARGETED_DEVICE_FAMILY = "1,2";
				TEST_HOST = "$(BUILT_PRODUCTS_DIR)/WeightTracker.app/$(BUNDLE_EXECUTABLE_FOLDER_PATH)/WeightTracker";
			};
			name = Debug;
		};
		4D13AFD42B2F584F007484AE /* Release */ = {
			isa = XCBuildConfiguration;
			buildSettings = {
				ALWAYS_EMBED_SWIFT_STANDARD_LIBRARIES = YES;
				BUNDLE_LOADER = "$(TEST_HOST)";
				CODE_SIGN_STYLE = Automatic;
				CURRENT_PROJECT_VERSION = 1;
				DEVELOPMENT_TEAM = 5MJ8XFZB7W;
				GENERATE_INFOPLIST_FILE = YES;
				IPHONEOS_DEPLOYMENT_TARGET = 17.0;
				MARKETING_VERSION = 1.0;
				PRODUCT_BUNDLE_IDENTIFIER = com.github.davletova.WeightTrackerTests;
				PRODUCT_NAME = "$(TARGET_NAME)";
				SWIFT_EMIT_LOC_STRINGS = NO;
				SWIFT_VERSION = 5.0;
				TARGETED_DEVICE_FAMILY = "1,2";
				TEST_HOST = "$(BUILT_PRODUCTS_DIR)/WeightTracker.app/$(BUNDLE_EXECUTABLE_FOLDER_PATH)/WeightTracker";
			};
			name = Release;
		};
		4D13AFD62B2F584F007484AE /* Debug */ = {
			isa = XCBuildConfiguration;
			buildSettings = {
				ALWAYS_EMBED_SWIFT_STANDARD_LIBRARIES = YES;
				CODE_SIGN_STYLE = Automatic;
				CURRENT_PROJECT_VERSION = 1;
				DEVELOPMENT_TEAM = 5MJ8XFZB7W;
				GENERATE_INFOPLIST_FILE = YES;
				MARKETING_VERSION = 1.0;
				PRODUCT_BUNDLE_IDENTIFIER = com.github.davletova.WeightTrackerUITests;
				PRODUCT_NAME = "$(TARGET_NAME)";
				SWIFT_EMIT_LOC_STRINGS = NO;
				SWIFT_VERSION = 5.0;
				TARGETED_DEVICE_FAMILY = "1,2";
				TEST_TARGET_NAME = WeightTracker;
			};
			name = Debug;
		};
		4D13AFD72B2F584F007484AE /* Release */ = {
			isa = XCBuildConfiguration;
			buildSettings = {
				ALWAYS_EMBED_SWIFT_STANDARD_LIBRARIES = YES;
				CODE_SIGN_STYLE = Automatic;
				CURRENT_PROJECT_VERSION = 1;
				DEVELOPMENT_TEAM = 5MJ8XFZB7W;
				GENERATE_INFOPLIST_FILE = YES;
				MARKETING_VERSION = 1.0;
				PRODUCT_BUNDLE_IDENTIFIER = com.github.davletova.WeightTrackerUITests;
				PRODUCT_NAME = "$(TARGET_NAME)";
				SWIFT_EMIT_LOC_STRINGS = NO;
				SWIFT_VERSION = 5.0;
				TARGETED_DEVICE_FAMILY = "1,2";
				TEST_TARGET_NAME = WeightTracker;
			};
			name = Release;
		};
/* End XCBuildConfiguration section */

/* Begin XCConfigurationList section */
		4D13AF9D2B2F584D007484AE /* Build configuration list for PBXProject "WeightTracker" */ = {
			isa = XCConfigurationList;
			buildConfigurations = (
				4D13AFCD2B2F584F007484AE /* Debug */,
				4D13AFCE2B2F584F007484AE /* Release */,
			);
			defaultConfigurationIsVisible = 0;
			defaultConfigurationName = Release;
		};
		4D13AFCF2B2F584F007484AE /* Build configuration list for PBXNativeTarget "WeightTracker" */ = {
			isa = XCConfigurationList;
			buildConfigurations = (
				4D13AFD02B2F584F007484AE /* Debug */,
				4D13AFD12B2F584F007484AE /* Release */,
			);
			defaultConfigurationIsVisible = 0;
			defaultConfigurationName = Release;
		};
		4D13AFD22B2F584F007484AE /* Build configuration list for PBXNativeTarget "WeightTrackerTests" */ = {
			isa = XCConfigurationList;
			buildConfigurations = (
				4D13AFD32B2F584F007484AE /* Debug */,
				4D13AFD42B2F584F007484AE /* Release */,
			);
			defaultConfigurationIsVisible = 0;
			defaultConfigurationName = Release;
		};
		4D13AFD52B2F584F007484AE /* Build configuration list for PBXNativeTarget "WeightTrackerUITests" */ = {
			isa = XCConfigurationList;
			buildConfigurations = (
				4D13AFD62B2F584F007484AE /* Debug */,
				4D13AFD72B2F584F007484AE /* Release */,
			);
			defaultConfigurationIsVisible = 0;
			defaultConfigurationName = Release;
		};
/* End XCConfigurationList section */

/* Begin XCRemoteSwiftPackageReference section */
		4DDF16462B35ECB100EAA86C /* XCRemoteSwiftPackageReference "toast-swift" */ = {
			isa = XCRemoteSwiftPackageReference;
			repositoryURL = "https://github.com/BastiaanJansen/toast-swift";
			requirement = {
				kind = upToNextMajorVersion;
				minimumVersion = 2.1.1;
			};
		};
/* End XCRemoteSwiftPackageReference section */

/* Begin XCSwiftPackageProductDependency section */
		4DDF16472B35ECB100EAA86C /* Toast */ = {
			isa = XCSwiftPackageProductDependency;
			package = 4DDF16462B35ECB100EAA86C /* XCRemoteSwiftPackageReference "toast-swift" */;
			productName = Toast;
		};
/* End XCSwiftPackageProductDependency section */

/* Begin XCVersionGroup section */
		4D13AFAE2B2F584D007484AE /* WeightTracker.xcdatamodeld */ = {
			isa = XCVersionGroup;
			children = (
				4D13AFAF2B2F584D007484AE /* WeightTracker.xcdatamodel */,
			);
			currentVersion = 4D13AFAF2B2F584D007484AE /* WeightTracker.xcdatamodel */;
			path = WeightTracker.xcdatamodeld;
			sourceTree = "<group>";
			versionGroupType = wrapper.xcdatamodel;
		};
/* End XCVersionGroup section */
	};
	rootObject = 4D13AF9A2B2F584D007484AE /* Project object */;
}
